// !$*UTF8*$!
{
	archiveVersion = 1;
	classes = {
	};
	objectVersion = 50;
	objects = {

/* Begin PBXBuildFile section */
		5B35270F23448F3900209639 /* ViewTapBehaviour.swift in Sources */ = {isa = PBXBuildFile; fileRef = 5B35270E23448F3900209639 /* ViewTapBehaviour.swift */; };
		5B3527122344986C00209639 /* AlbumsViewController.swift in Sources */ = {isa = PBXBuildFile; fileRef = 5B3527112344986C00209639 /* AlbumsViewController.swift */; };
		5B35271623449E1C00209639 /* AlbumsResult.swift in Sources */ = {isa = PBXBuildFile; fileRef = 5B35271523449E1C00209639 /* AlbumsResult.swift */; };
		5B35271823449FB800209639 /* Album.swift in Sources */ = {isa = PBXBuildFile; fileRef = 5B35271723449FB800209639 /* Album.swift */; };
		5B35271A2344A79800209639 /* AlbumRequest.swift in Sources */ = {isa = PBXBuildFile; fileRef = 5B3527192344A79800209639 /* AlbumRequest.swift */; };
		5B35271E2344AC2F00209639 /* AlbumsViewModel.swift in Sources */ = {isa = PBXBuildFile; fileRef = 5B35271D2344AC2F00209639 /* AlbumsViewModel.swift */; };
		5B3527222344B9E400209639 /* AlbumTableViewCell.swift in Sources */ = {isa = PBXBuildFile; fileRef = 5B3527202344B9E400209639 /* AlbumTableViewCell.swift */; };
		5B3527232344B9E400209639 /* AlbumTableViewCell.xib in Resources */ = {isa = PBXBuildFile; fileRef = 5B3527212344B9E400209639 /* AlbumTableViewCell.xib */; };
		5B3527252344CA2000209639 /* ViewOpenUrlBehaviour.swift in Sources */ = {isa = PBXBuildFile; fileRef = 5B3527242344CA2000209639 /* ViewOpenUrlBehaviour.swift */; };
		5B35272923450E6C00209639 /* AlbumDetails.swift in Sources */ = {isa = PBXBuildFile; fileRef = 5B35272823450E6C00209639 /* AlbumDetails.swift */; };
		5B35272E23450EE100209639 /* AlbumDetailsRequest.swift in Sources */ = {isa = PBXBuildFile; fileRef = 5B35272D23450EE100209639 /* AlbumDetailsRequest.swift */; };
		5B35273023450FBB00209639 /* Track.swift in Sources */ = {isa = PBXBuildFile; fileRef = 5B35272F23450FBB00209639 /* Track.swift */; };
		5B352734234515B000209639 /* AlbumDetailsViewController.swift in Sources */ = {isa = PBXBuildFile; fileRef = 5B352733234515B000209639 /* AlbumDetailsViewController.swift */; };
		5B352736234515BE00209639 /* AlbumDetailsViewModel.swift in Sources */ = {isa = PBXBuildFile; fileRef = 5B352735234515BE00209639 /* AlbumDetailsViewModel.swift */; };
		5B3527382346082800209639 /* Tag.swift in Sources */ = {isa = PBXBuildFile; fileRef = 5B3527372346082800209639 /* Tag.swift */; };
		5B35273A23460C8700209639 /* AlbumDetailsScrollController.swift in Sources */ = {isa = PBXBuildFile; fileRef = 5B35273923460C8700209639 /* AlbumDetailsScrollController.swift */; };
		5B35273D234614B800209639 /* TrackView.swift in Sources */ = {isa = PBXBuildFile; fileRef = 5B35273C234614B800209639 /* TrackView.swift */; };
		5B35273F234614C400209639 /* TrackView.xib in Resources */ = {isa = PBXBuildFile; fileRef = 5B35273E234614C400209639 /* TrackView.xib */; };
		5B35278F234662D600209639 /* AlbumDetailsDao.swift in Sources */ = {isa = PBXBuildFile; fileRef = 5B35278E234662D600209639 /* AlbumDetailsDao.swift */; };
		5B3527972346655B00209639 /* PersistanceTests.swift in Sources */ = {isa = PBXBuildFile; fileRef = 5B3527962346655B00209639 /* PersistanceTests.swift */; };
		5B35279F2346662700209639 /* DaoFactory.swift in Sources */ = {isa = PBXBuildFile; fileRef = 5B35279E2346662700209639 /* DaoFactory.swift */; };
		5B3527A1234765BC00209639 /* TrackDao.swift in Sources */ = {isa = PBXBuildFile; fileRef = 5B3527A0234765BC00209639 /* TrackDao.swift */; };
		5B3527A3234769EA00209639 /* TagDao.swift in Sources */ = {isa = PBXBuildFile; fileRef = 5B3527A2234769EA00209639 /* TagDao.swift */; };
		5B3527A523476AC300209639 /* GraphicsDao.swift in Sources */ = {isa = PBXBuildFile; fileRef = 5B3527A423476AC300209639 /* GraphicsDao.swift */; };
		5B40AF212348B2A500D503E1 /* StoredAlbumsViewModel.swift in Sources */ = {isa = PBXBuildFile; fileRef = 5B40AF202348B2A500D503E1 /* StoredAlbumsViewModel.swift */; };
		5B40AF242348B3B200D503E1 /* StoredAlbumsCollectionViewCell.swift in Sources */ = {isa = PBXBuildFile; fileRef = 5B40AF232348B3B200D503E1 /* StoredAlbumsCollectionViewCell.swift */; };
		5B40AF262348B3BD00D503E1 /* StoredAlbumsCollectionViewCell.xib in Resources */ = {isa = PBXBuildFile; fileRef = 5B40AF252348B3BD00D503E1 /* StoredAlbumsCollectionViewCell.xib */; };
		5B4419BE233CED6A00F87B86 /* Pagination.swift in Sources */ = {isa = PBXBuildFile; fileRef = 5B4419BD233CED6A00F87B86 /* Pagination.swift */; };
		5B4419C0233CFE6B00F87B86 /* BackendRequest.swift in Sources */ = {isa = PBXBuildFile; fileRef = 5B4419BF233CFE6B00F87B86 /* BackendRequest.swift */; };
		5B4419C2233D020B00F87B86 /* ArtistSearchRequest.swift in Sources */ = {isa = PBXBuildFile; fileRef = 5B4419C1233D020B00F87B86 /* ArtistSearchRequest.swift */; };
		5B4419C7233D1D0800F87B86 /* Artist.swift in Sources */ = {isa = PBXBuildFile; fileRef = 5B4419C6233D1D0800F87B86 /* Artist.swift */; };
		5B4419CD233D4E5200F87B86 /* ArtistSearchViewController.swift in Sources */ = {isa = PBXBuildFile; fileRef = 5B4419CC233D4E5200F87B86 /* ArtistSearchViewController.swift */; };
		5B4419D0233D4F4600F87B86 /* Storyboardable.swift in Sources */ = {isa = PBXBuildFile; fileRef = 5B4419CF233D4F4600F87B86 /* Storyboardable.swift */; };
		5B4419D2233D50B400F87B86 /* ArtistSearchViewModel.swift in Sources */ = {isa = PBXBuildFile; fileRef = 5B4419D1233D50B400F87B86 /* ArtistSearchViewModel.swift */; };
		5B4419D4233D543200F87B86 /* HTTPMethod.swift in Sources */ = {isa = PBXBuildFile; fileRef = 5B4419D3233D543200F87B86 /* HTTPMethod.swift */; };
		5B4419D6233D5A1B00F87B86 /* GraphicsSize.swift in Sources */ = {isa = PBXBuildFile; fileRef = 5B4419D5233D5A1B00F87B86 /* GraphicsSize.swift */; };
		5B4419D8233D5A4000F87B86 /* Graphics.swift in Sources */ = {isa = PBXBuildFile; fileRef = 5B4419D7233D5A4000F87B86 /* Graphics.swift */; };
		5B4419DA233D5A8A00F87B86 /* ArtistSearchResult.swift in Sources */ = {isa = PBXBuildFile; fileRef = 5B4419D9233D5A8A00F87B86 /* ArtistSearchResult.swift */; };
		5B4419DF233E01FA00F87B86 /* ArtistTableViewCell.swift in Sources */ = {isa = PBXBuildFile; fileRef = 5B4419DE233E01FA00F87B86 /* ArtistTableViewCell.swift */; };
		5B4419E1233E020700F87B86 /* ArtistTableViewCell.xib in Resources */ = {isa = PBXBuildFile; fileRef = 5B4419E0233E020700F87B86 /* ArtistTableViewCell.xib */; };
		5B4419E3233E621200F87B86 /* UIImageView+Downloadable.swift in Sources */ = {isa = PBXBuildFile; fileRef = 5B4419E2233E621200F87B86 /* UIImageView+Downloadable.swift */; };
		5B4419E6233E694300F87B86 /* TextViewOpenUrlBehaviour.swift in Sources */ = {isa = PBXBuildFile; fileRef = 5B4419E5233E694300F87B86 /* TextViewOpenUrlBehaviour.swift */; };
		5B77929C23D1DE1000633BD4 /* AlbumsTableViewPrefetching.swift in Sources */ = {isa = PBXBuildFile; fileRef = 5B77929B23D1DE1000633BD4 /* AlbumsTableViewPrefetching.swift */; };
		5B77929E23D1DE2200633BD4 /* AlbumsTableViewDataSource.swift in Sources */ = {isa = PBXBuildFile; fileRef = 5B77929D23D1DE2200633BD4 /* AlbumsTableViewDataSource.swift */; };
		5B7792A023D1E0BF00633BD4 /* AlbumsTableViewDelegator.swift in Sources */ = {isa = PBXBuildFile; fileRef = 5B77929F23D1E0BF00633BD4 /* AlbumsTableViewDelegator.swift */; };
		5B7792A223D1E24F00633BD4 /* AlbumsFactory.swift in Sources */ = {isa = PBXBuildFile; fileRef = 5B7792A123D1E24F00633BD4 /* AlbumsFactory.swift */; };
		5B7792A423D1E57A00633BD4 /* NavigationRouter.swift in Sources */ = {isa = PBXBuildFile; fileRef = 5B7792A323D1E57A00633BD4 /* NavigationRouter.swift */; };
		5B7792A623D1E8D500633BD4 /* InitialViewController.swift in Sources */ = {isa = PBXBuildFile; fileRef = 5B7792A523D1E8D500633BD4 /* InitialViewController.swift */; };
		5B785786234BAE59003BC97A /* RootNavigationController.swift in Sources */ = {isa = PBXBuildFile; fileRef = 5B785785234BAE59003BC97A /* RootNavigationController.swift */; };
		5B78578A234BB310003BC97A /* AlbumDetailsNoDataView.swift in Sources */ = {isa = PBXBuildFile; fileRef = 5B785789234BB310003BC97A /* AlbumDetailsNoDataView.swift */; };
		5B78578C234BB319003BC97A /* AlbumDetailsNoDataView.xib in Resources */ = {isa = PBXBuildFile; fileRef = 5B78578B234BB319003BC97A /* AlbumDetailsNoDataView.xib */; };
		5B78B12623D1C9A3004AF60D /* ArtistSearchTableViewDataSource.swift in Sources */ = {isa = PBXBuildFile; fileRef = 5B78B12523D1C9A3004AF60D /* ArtistSearchTableViewDataSource.swift */; };
		5B78B12923D1CB26004AF60D /* AlbumsRouter.swift in Sources */ = {isa = PBXBuildFile; fileRef = 5B78B12823D1CB26004AF60D /* AlbumsRouter.swift */; };
		5B78B12B23D1D169004AF60D /* ArtistSearchTableViewPrefetching.swift in Sources */ = {isa = PBXBuildFile; fileRef = 5B78B12A23D1D169004AF60D /* ArtistSearchTableViewPrefetching.swift */; };
		5B78B12D23D1D20B004AF60D /* ArtistSearchTableViewDelegator.swift in Sources */ = {isa = PBXBuildFile; fileRef = 5B78B12C23D1D20B004AF60D /* ArtistSearchTableViewDelegator.swift */; };
		5B78B12F23D1D4F2004AF60D /* ArtistSearchFactory.swift in Sources */ = {isa = PBXBuildFile; fileRef = 5B78B12E23D1D4F2004AF60D /* ArtistSearchFactory.swift */; };
		5B7B0B0B23A01407002A2486 /* URLBuilderTests.swift in Sources */ = {isa = PBXBuildFile; fileRef = 5B7B0B0A23A01407002A2486 /* URLBuilderTests.swift */; };
		5B7B0B0D23A01414002A2486 /* URLBuilder.swift in Sources */ = {isa = PBXBuildFile; fileRef = 5B7B0B0C23A01414002A2486 /* URLBuilder.swift */; };
		5B89E78923CF40C400EF5CBE /* StoredAlbumsCollectionViewLayout.swift in Sources */ = {isa = PBXBuildFile; fileRef = 5B89E78823CF40C400EF5CBE /* StoredAlbumsCollectionViewLayout.swift */; };
		5B89E78B23CF474F00EF5CBE /* StoredAlbumsCollectionViewDelegate.swift in Sources */ = {isa = PBXBuildFile; fileRef = 5B89E78A23CF474F00EF5CBE /* StoredAlbumsCollectionViewDelegate.swift */; };
		5B89E78E23CF4A7E00EF5CBE /* AlbumDetailsRouter.swift in Sources */ = {isa = PBXBuildFile; fileRef = 5B89E78D23CF4A7E00EF5CBE /* AlbumDetailsRouter.swift */; };
		5B89E79023CF59A300EF5CBE /* StoredAlbumsCollectionViewDataSource.swift in Sources */ = {isa = PBXBuildFile; fileRef = 5B89E78F23CF59A300EF5CBE /* StoredAlbumsCollectionViewDataSource.swift */; };
		5B89E79223CF5CAE00EF5CBE /* StoredAlbumsCollectionViewDelegator.swift in Sources */ = {isa = PBXBuildFile; fileRef = 5B89E79123CF5CAE00EF5CBE /* StoredAlbumsCollectionViewDelegator.swift */; };
		5BD4F90B233BD72100E27715 /* AppDelegate.swift in Sources */ = {isa = PBXBuildFile; fileRef = 5BD4F90A233BD72100E27715 /* AppDelegate.swift */; };
		5BD4F90D233BD72100E27715 /* StoredAlbumsViewController.swift in Sources */ = {isa = PBXBuildFile; fileRef = 5BD4F90C233BD72100E27715 /* StoredAlbumsViewController.swift */; };
		5BD4F910233BD72100E27715 /* Main.storyboard in Resources */ = {isa = PBXBuildFile; fileRef = 5BD4F90E233BD72100E27715 /* Main.storyboard */; };
		5BD4F913233BD72100E27715 /* Musically.xcdatamodeld in Sources */ = {isa = PBXBuildFile; fileRef = 5BD4F911233BD72100E27715 /* Musically.xcdatamodeld */; };
		5BD4F915233BD72200E27715 /* Assets.xcassets in Resources */ = {isa = PBXBuildFile; fileRef = 5BD4F914233BD72200E27715 /* Assets.xcassets */; };
		5BD4F918233BD72200E27715 /* LaunchScreen.storyboard in Resources */ = {isa = PBXBuildFile; fileRef = 5BD4F916233BD72200E27715 /* LaunchScreen.storyboard */; };
		5BD4F920233BD90700E27715 /* ServiceRegistry.swift in Sources */ = {isa = PBXBuildFile; fileRef = 5BD4F91F233BD90700E27715 /* ServiceRegistry.swift */; };
		5BD4F923233BD93100E27715 /* BackendService.swift in Sources */ = {isa = PBXBuildFile; fileRef = 5BD4F922233BD93100E27715 /* BackendService.swift */; };
		5BD4F92A233BDB5800E27715 /* CoreDataStack.swift in Sources */ = {isa = PBXBuildFile; fileRef = 5BD4F928233BDB5800E27715 /* CoreDataStack.swift */; };
		5BD4F92B233BDB5800E27715 /* GenericDao.swift in Sources */ = {isa = PBXBuildFile; fileRef = 5BD4F929233BDB5800E27715 /* GenericDao.swift */; };
		5BD4F92E233BE5C500E27715 /* UserAgent.swift in Sources */ = {isa = PBXBuildFile; fileRef = 5BD4F92D233BE5C500E27715 /* UserAgent.swift */; };
		5BE1BC0723CF666200D0668F /* StoredAlbumsCollectionViewFactory.swift in Sources */ = {isa = PBXBuildFile; fileRef = 5BE1BC0623CF666200D0668F /* StoredAlbumsCollectionViewFactory.swift */; };
		5BE1BC0A23CF72AE00D0668F /* ReusableObject.swift in Sources */ = {isa = PBXBuildFile; fileRef = 5BE1BC0923CF72AE00D0668F /* ReusableObject.swift */; };
/* End PBXBuildFile section */

/* Begin PBXContainerItemProxy section */
		5B785783234B9801003BC97A /* PBXContainerItemProxy */ = {
			isa = PBXContainerItemProxy;
			containerPortal = 5BD4F8FF233BD72100E27715 /* Project object */;
			proxyType = 1;
			remoteGlobalIDString = 5BD4F906233BD72100E27715;
			remoteInfo = Musically;
		};
/* End PBXContainerItemProxy section */

/* Begin PBXFileReference section */
		5B35270E23448F3900209639 /* ViewTapBehaviour.swift */ = {isa = PBXFileReference; lastKnownFileType = sourcecode.swift; path = ViewTapBehaviour.swift; sourceTree = "<group>"; };
		5B3527112344986C00209639 /* AlbumsViewController.swift */ = {isa = PBXFileReference; lastKnownFileType = sourcecode.swift; path = AlbumsViewController.swift; sourceTree = "<group>"; };
		5B35271523449E1C00209639 /* AlbumsResult.swift */ = {isa = PBXFileReference; lastKnownFileType = sourcecode.swift; path = AlbumsResult.swift; sourceTree = "<group>"; };
		5B35271723449FB800209639 /* Album.swift */ = {isa = PBXFileReference; lastKnownFileType = sourcecode.swift; path = Album.swift; sourceTree = "<group>"; };
		5B3527192344A79800209639 /* AlbumRequest.swift */ = {isa = PBXFileReference; lastKnownFileType = sourcecode.swift; path = AlbumRequest.swift; sourceTree = "<group>"; };
		5B35271D2344AC2F00209639 /* AlbumsViewModel.swift */ = {isa = PBXFileReference; lastKnownFileType = sourcecode.swift; path = AlbumsViewModel.swift; sourceTree = "<group>"; };
		5B3527202344B9E400209639 /* AlbumTableViewCell.swift */ = {isa = PBXFileReference; fileEncoding = 4; lastKnownFileType = sourcecode.swift; path = AlbumTableViewCell.swift; sourceTree = "<group>"; };
		5B3527212344B9E400209639 /* AlbumTableViewCell.xib */ = {isa = PBXFileReference; fileEncoding = 4; lastKnownFileType = file.xib; path = AlbumTableViewCell.xib; sourceTree = "<group>"; };
		5B3527242344CA2000209639 /* ViewOpenUrlBehaviour.swift */ = {isa = PBXFileReference; lastKnownFileType = sourcecode.swift; path = ViewOpenUrlBehaviour.swift; sourceTree = "<group>"; };
		5B35272823450E6C00209639 /* AlbumDetails.swift */ = {isa = PBXFileReference; lastKnownFileType = sourcecode.swift; path = AlbumDetails.swift; sourceTree = "<group>"; };
		5B35272D23450EE100209639 /* AlbumDetailsRequest.swift */ = {isa = PBXFileReference; lastKnownFileType = sourcecode.swift; path = AlbumDetailsRequest.swift; sourceTree = "<group>"; };
		5B35272F23450FBB00209639 /* Track.swift */ = {isa = PBXFileReference; lastKnownFileType = sourcecode.swift; path = Track.swift; sourceTree = "<group>"; };
		5B352733234515B000209639 /* AlbumDetailsViewController.swift */ = {isa = PBXFileReference; lastKnownFileType = sourcecode.swift; path = AlbumDetailsViewController.swift; sourceTree = "<group>"; };
		5B352735234515BE00209639 /* AlbumDetailsViewModel.swift */ = {isa = PBXFileReference; lastKnownFileType = sourcecode.swift; path = AlbumDetailsViewModel.swift; sourceTree = "<group>"; };
		5B3527372346082800209639 /* Tag.swift */ = {isa = PBXFileReference; lastKnownFileType = sourcecode.swift; path = Tag.swift; sourceTree = "<group>"; };
		5B35273923460C8700209639 /* AlbumDetailsScrollController.swift */ = {isa = PBXFileReference; lastKnownFileType = sourcecode.swift; path = AlbumDetailsScrollController.swift; sourceTree = "<group>"; };
		5B35273C234614B800209639 /* TrackView.swift */ = {isa = PBXFileReference; lastKnownFileType = sourcecode.swift; path = TrackView.swift; sourceTree = "<group>"; };
		5B35273E234614C400209639 /* TrackView.xib */ = {isa = PBXFileReference; lastKnownFileType = file.xib; path = TrackView.xib; sourceTree = "<group>"; };
		5B3527792346260300209639 /* Persistance.h */ = {isa = PBXFileReference; lastKnownFileType = sourcecode.c.h; path = Persistance.h; sourceTree = "<group>"; };
		5B35277A2346260300209639 /* Info.plist */ = {isa = PBXFileReference; lastKnownFileType = text.plist.xml; path = Info.plist; sourceTree = "<group>"; };
		5B35278E234662D600209639 /* AlbumDetailsDao.swift */ = {isa = PBXFileReference; lastKnownFileType = sourcecode.swift; path = AlbumDetailsDao.swift; sourceTree = "<group>"; };
		5B3527942346655B00209639 /* MusicallyTests.xctest */ = {isa = PBXFileReference; explicitFileType = wrapper.cfbundle; includeInIndex = 0; path = MusicallyTests.xctest; sourceTree = BUILT_PRODUCTS_DIR; };
		5B3527962346655B00209639 /* PersistanceTests.swift */ = {isa = PBXFileReference; lastKnownFileType = sourcecode.swift; path = PersistanceTests.swift; sourceTree = "<group>"; };
		5B3527982346655B00209639 /* Info.plist */ = {isa = PBXFileReference; lastKnownFileType = text.plist.xml; path = Info.plist; sourceTree = "<group>"; };
		5B35279E2346662700209639 /* DaoFactory.swift */ = {isa = PBXFileReference; lastKnownFileType = sourcecode.swift; path = DaoFactory.swift; sourceTree = "<group>"; };
		5B3527A0234765BC00209639 /* TrackDao.swift */ = {isa = PBXFileReference; lastKnownFileType = sourcecode.swift; path = TrackDao.swift; sourceTree = "<group>"; };
		5B3527A2234769EA00209639 /* TagDao.swift */ = {isa = PBXFileReference; lastKnownFileType = sourcecode.swift; path = TagDao.swift; sourceTree = "<group>"; };
		5B3527A423476AC300209639 /* GraphicsDao.swift */ = {isa = PBXFileReference; lastKnownFileType = sourcecode.swift; path = GraphicsDao.swift; sourceTree = "<group>"; };
		5B40AF202348B2A500D503E1 /* StoredAlbumsViewModel.swift */ = {isa = PBXFileReference; lastKnownFileType = sourcecode.swift; path = StoredAlbumsViewModel.swift; sourceTree = "<group>"; };
		5B40AF232348B3B200D503E1 /* StoredAlbumsCollectionViewCell.swift */ = {isa = PBXFileReference; lastKnownFileType = sourcecode.swift; path = StoredAlbumsCollectionViewCell.swift; sourceTree = "<group>"; };
		5B40AF252348B3BD00D503E1 /* StoredAlbumsCollectionViewCell.xib */ = {isa = PBXFileReference; lastKnownFileType = file.xib; path = StoredAlbumsCollectionViewCell.xib; sourceTree = "<group>"; };
		5B4419BD233CED6A00F87B86 /* Pagination.swift */ = {isa = PBXFileReference; lastKnownFileType = sourcecode.swift; path = Pagination.swift; sourceTree = "<group>"; };
		5B4419BF233CFE6B00F87B86 /* BackendRequest.swift */ = {isa = PBXFileReference; lastKnownFileType = sourcecode.swift; path = BackendRequest.swift; sourceTree = "<group>"; };
		5B4419C1233D020B00F87B86 /* ArtistSearchRequest.swift */ = {isa = PBXFileReference; lastKnownFileType = sourcecode.swift; path = ArtistSearchRequest.swift; sourceTree = "<group>"; };
		5B4419C6233D1D0800F87B86 /* Artist.swift */ = {isa = PBXFileReference; lastKnownFileType = sourcecode.swift; path = Artist.swift; sourceTree = "<group>"; };
		5B4419CC233D4E5200F87B86 /* ArtistSearchViewController.swift */ = {isa = PBXFileReference; lastKnownFileType = sourcecode.swift; path = ArtistSearchViewController.swift; sourceTree = "<group>"; };
		5B4419CF233D4F4600F87B86 /* Storyboardable.swift */ = {isa = PBXFileReference; lastKnownFileType = sourcecode.swift; path = Storyboardable.swift; sourceTree = "<group>"; };
		5B4419D1233D50B400F87B86 /* ArtistSearchViewModel.swift */ = {isa = PBXFileReference; lastKnownFileType = sourcecode.swift; path = ArtistSearchViewModel.swift; sourceTree = "<group>"; };
		5B4419D3233D543200F87B86 /* HTTPMethod.swift */ = {isa = PBXFileReference; lastKnownFileType = sourcecode.swift; path = HTTPMethod.swift; sourceTree = "<group>"; };
		5B4419D5233D5A1B00F87B86 /* GraphicsSize.swift */ = {isa = PBXFileReference; lastKnownFileType = sourcecode.swift; path = GraphicsSize.swift; sourceTree = "<group>"; };
		5B4419D7233D5A4000F87B86 /* Graphics.swift */ = {isa = PBXFileReference; lastKnownFileType = sourcecode.swift; path = Graphics.swift; sourceTree = "<group>"; };
		5B4419D9233D5A8A00F87B86 /* ArtistSearchResult.swift */ = {isa = PBXFileReference; lastKnownFileType = sourcecode.swift; path = ArtistSearchResult.swift; sourceTree = "<group>"; };
		5B4419DE233E01FA00F87B86 /* ArtistTableViewCell.swift */ = {isa = PBXFileReference; lastKnownFileType = sourcecode.swift; path = ArtistTableViewCell.swift; sourceTree = "<group>"; };
		5B4419E0233E020700F87B86 /* ArtistTableViewCell.xib */ = {isa = PBXFileReference; lastKnownFileType = file.xib; path = ArtistTableViewCell.xib; sourceTree = "<group>"; };
		5B4419E2233E621200F87B86 /* UIImageView+Downloadable.swift */ = {isa = PBXFileReference; lastKnownFileType = sourcecode.swift; path = "UIImageView+Downloadable.swift"; sourceTree = "<group>"; };
		5B4419E5233E694300F87B86 /* TextViewOpenUrlBehaviour.swift */ = {isa = PBXFileReference; lastKnownFileType = sourcecode.swift; path = TextViewOpenUrlBehaviour.swift; sourceTree = "<group>"; };
		5B77929B23D1DE1000633BD4 /* AlbumsTableViewPrefetching.swift */ = {isa = PBXFileReference; lastKnownFileType = sourcecode.swift; path = AlbumsTableViewPrefetching.swift; sourceTree = "<group>"; };
		5B77929D23D1DE2200633BD4 /* AlbumsTableViewDataSource.swift */ = {isa = PBXFileReference; lastKnownFileType = sourcecode.swift; path = AlbumsTableViewDataSource.swift; sourceTree = "<group>"; };
		5B77929F23D1E0BF00633BD4 /* AlbumsTableViewDelegator.swift */ = {isa = PBXFileReference; lastKnownFileType = sourcecode.swift; path = AlbumsTableViewDelegator.swift; sourceTree = "<group>"; };
		5B7792A123D1E24F00633BD4 /* AlbumsFactory.swift */ = {isa = PBXFileReference; lastKnownFileType = sourcecode.swift; path = AlbumsFactory.swift; sourceTree = "<group>"; };
		5B7792A323D1E57A00633BD4 /* NavigationRouter.swift */ = {isa = PBXFileReference; lastKnownFileType = sourcecode.swift; path = NavigationRouter.swift; sourceTree = "<group>"; };
		5B7792A523D1E8D500633BD4 /* InitialViewController.swift */ = {isa = PBXFileReference; lastKnownFileType = sourcecode.swift; path = InitialViewController.swift; sourceTree = "<group>"; };
		5B785785234BAE59003BC97A /* RootNavigationController.swift */ = {isa = PBXFileReference; lastKnownFileType = sourcecode.swift; path = RootNavigationController.swift; sourceTree = "<group>"; };
		5B785789234BB310003BC97A /* AlbumDetailsNoDataView.swift */ = {isa = PBXFileReference; lastKnownFileType = sourcecode.swift; path = AlbumDetailsNoDataView.swift; sourceTree = "<group>"; };
		5B78578B234BB319003BC97A /* AlbumDetailsNoDataView.xib */ = {isa = PBXFileReference; lastKnownFileType = file.xib; path = AlbumDetailsNoDataView.xib; sourceTree = "<group>"; };
		5B78B12523D1C9A3004AF60D /* ArtistSearchTableViewDataSource.swift */ = {isa = PBXFileReference; lastKnownFileType = sourcecode.swift; path = ArtistSearchTableViewDataSource.swift; sourceTree = "<group>"; };
		5B78B12823D1CB26004AF60D /* AlbumsRouter.swift */ = {isa = PBXFileReference; lastKnownFileType = sourcecode.swift; path = AlbumsRouter.swift; sourceTree = "<group>"; };
		5B78B12A23D1D169004AF60D /* ArtistSearchTableViewPrefetching.swift */ = {isa = PBXFileReference; lastKnownFileType = sourcecode.swift; path = ArtistSearchTableViewPrefetching.swift; sourceTree = "<group>"; };
		5B78B12C23D1D20B004AF60D /* ArtistSearchTableViewDelegator.swift */ = {isa = PBXFileReference; lastKnownFileType = sourcecode.swift; path = ArtistSearchTableViewDelegator.swift; sourceTree = "<group>"; };
		5B78B12E23D1D4F2004AF60D /* ArtistSearchFactory.swift */ = {isa = PBXFileReference; lastKnownFileType = sourcecode.swift; path = ArtistSearchFactory.swift; sourceTree = "<group>"; };
		5B7B0B0A23A01407002A2486 /* URLBuilderTests.swift */ = {isa = PBXFileReference; lastKnownFileType = sourcecode.swift; path = URLBuilderTests.swift; sourceTree = "<group>"; };
		5B7B0B0C23A01414002A2486 /* URLBuilder.swift */ = {isa = PBXFileReference; lastKnownFileType = sourcecode.swift; path = URLBuilder.swift; sourceTree = "<group>"; };
		5B89E78823CF40C400EF5CBE /* StoredAlbumsCollectionViewLayout.swift */ = {isa = PBXFileReference; lastKnownFileType = sourcecode.swift; path = StoredAlbumsCollectionViewLayout.swift; sourceTree = "<group>"; };
		5B89E78A23CF474F00EF5CBE /* StoredAlbumsCollectionViewDelegate.swift */ = {isa = PBXFileReference; lastKnownFileType = sourcecode.swift; path = StoredAlbumsCollectionViewDelegate.swift; sourceTree = "<group>"; };
		5B89E78D23CF4A7E00EF5CBE /* AlbumDetailsRouter.swift */ = {isa = PBXFileReference; lastKnownFileType = sourcecode.swift; path = AlbumDetailsRouter.swift; sourceTree = "<group>"; };
		5B89E78F23CF59A300EF5CBE /* StoredAlbumsCollectionViewDataSource.swift */ = {isa = PBXFileReference; lastKnownFileType = sourcecode.swift; path = StoredAlbumsCollectionViewDataSource.swift; sourceTree = "<group>"; };
		5B89E79123CF5CAE00EF5CBE /* StoredAlbumsCollectionViewDelegator.swift */ = {isa = PBXFileReference; lastKnownFileType = sourcecode.swift; path = StoredAlbumsCollectionViewDelegator.swift; sourceTree = "<group>"; };
		5BD4F907233BD72100E27715 /* Musically.app */ = {isa = PBXFileReference; explicitFileType = wrapper.application; includeInIndex = 0; path = Musically.app; sourceTree = BUILT_PRODUCTS_DIR; };
		5BD4F90A233BD72100E27715 /* AppDelegate.swift */ = {isa = PBXFileReference; lastKnownFileType = sourcecode.swift; path = AppDelegate.swift; sourceTree = "<group>"; };
		5BD4F90C233BD72100E27715 /* StoredAlbumsViewController.swift */ = {isa = PBXFileReference; lastKnownFileType = sourcecode.swift; path = StoredAlbumsViewController.swift; sourceTree = "<group>"; };
		5BD4F90F233BD72100E27715 /* Base */ = {isa = PBXFileReference; lastKnownFileType = file.storyboard; name = Base; path = Base.lproj/Main.storyboard; sourceTree = "<group>"; };
		5BD4F912233BD72100E27715 /* Musically.xcdatamodel */ = {isa = PBXFileReference; lastKnownFileType = wrapper.xcdatamodel; path = Musically.xcdatamodel; sourceTree = "<group>"; };
		5BD4F914233BD72200E27715 /* Assets.xcassets */ = {isa = PBXFileReference; lastKnownFileType = folder.assetcatalog; path = Assets.xcassets; sourceTree = "<group>"; };
		5BD4F917233BD72200E27715 /* Base */ = {isa = PBXFileReference; lastKnownFileType = file.storyboard; name = Base; path = Base.lproj/LaunchScreen.storyboard; sourceTree = "<group>"; };
		5BD4F919233BD72200E27715 /* Info.plist */ = {isa = PBXFileReference; lastKnownFileType = text.plist.xml; path = Info.plist; sourceTree = "<group>"; };
		5BD4F91F233BD90700E27715 /* ServiceRegistry.swift */ = {isa = PBXFileReference; lastKnownFileType = sourcecode.swift; path = ServiceRegistry.swift; sourceTree = "<group>"; };
		5BD4F922233BD93100E27715 /* BackendService.swift */ = {isa = PBXFileReference; lastKnownFileType = sourcecode.swift; path = BackendService.swift; sourceTree = "<group>"; };
		5BD4F928233BDB5800E27715 /* CoreDataStack.swift */ = {isa = PBXFileReference; fileEncoding = 4; lastKnownFileType = sourcecode.swift; path = CoreDataStack.swift; sourceTree = "<group>"; };
		5BD4F929233BDB5800E27715 /* GenericDao.swift */ = {isa = PBXFileReference; fileEncoding = 4; lastKnownFileType = sourcecode.swift; path = GenericDao.swift; sourceTree = "<group>"; };
		5BD4F92D233BE5C500E27715 /* UserAgent.swift */ = {isa = PBXFileReference; lastKnownFileType = sourcecode.swift; path = UserAgent.swift; sourceTree = "<group>"; };
		5BE1BC0623CF666200D0668F /* StoredAlbumsCollectionViewFactory.swift */ = {isa = PBXFileReference; lastKnownFileType = sourcecode.swift; path = StoredAlbumsCollectionViewFactory.swift; sourceTree = "<group>"; };
		5BE1BC0923CF72AE00D0668F /* ReusableObject.swift */ = {isa = PBXFileReference; lastKnownFileType = sourcecode.swift; path = ReusableObject.swift; sourceTree = "<group>"; };
/* End PBXFileReference section */

/* Begin PBXFrameworksBuildPhase section */
		5B3527912346655B00209639 /* Frameworks */ = {
			isa = PBXFrameworksBuildPhase;
			buildActionMask = 2147483647;
			files = (
			);
			runOnlyForDeploymentPostprocessing = 0;
		};
		5BD4F904233BD72100E27715 /* Frameworks */ = {
			isa = PBXFrameworksBuildPhase;
			buildActionMask = 2147483647;
			files = (
			);
			runOnlyForDeploymentPostprocessing = 0;
		};
/* End PBXFrameworksBuildPhase section */

/* Begin PBXGroup section */
		5B3527102344984700209639 /* Albums */ = {
			isa = PBXGroup;
			children = (
				5B3527112344986C00209639 /* AlbumsViewController.swift */,
				5B35271D2344AC2F00209639 /* AlbumsViewModel.swift */,
				5B7792A123D1E24F00633BD4 /* AlbumsFactory.swift */,
				5B77929A23D1DDEA00633BD4 /* TableView */,
				5B35271F2344B61200209639 /* Views */,
			);
			path = Albums;
			sourceTree = "<group>";
		};
		5B35271323449AD000209639 /* Shared Model */ = {
			isa = PBXGroup;
			children = (
				5B4419D5233D5A1B00F87B86 /* GraphicsSize.swift */,
				5B4419D7233D5A4000F87B86 /* Graphics.swift */,
			);
			path = "Shared Model";
			sourceTree = "<group>";
		};
		5B35271423449D3C00209639 /* Albums */ = {
			isa = PBXGroup;
			children = (
				5B3527192344A79800209639 /* AlbumRequest.swift */,
				5B35271B2344A7B200209639 /* Model */,
			);
			path = Albums;
			sourceTree = "<group>";
		};
		5B35271B2344A7B200209639 /* Model */ = {
			isa = PBXGroup;
			children = (
				5B35271723449FB800209639 /* Album.swift */,
				5B35271523449E1C00209639 /* AlbumsResult.swift */,
			);
			path = Model;
			sourceTree = "<group>";
		};
		5B35271C2344A7BC00209639 /* Model */ = {
			isa = PBXGroup;
			children = (
				5B4419D9233D5A8A00F87B86 /* ArtistSearchResult.swift */,
				5B4419C6233D1D0800F87B86 /* Artist.swift */,
			);
			path = Model;
			sourceTree = "<group>";
		};
		5B35271F2344B61200209639 /* Views */ = {
			isa = PBXGroup;
			children = (
				5B3527202344B9E400209639 /* AlbumTableViewCell.swift */,
				5B3527212344B9E400209639 /* AlbumTableViewCell.xib */,
			);
			path = Views;
			sourceTree = "<group>";
		};
		5B3527262344D2BC00209639 /* Album Details */ = {
			isa = PBXGroup;
			children = (
				5B352733234515B000209639 /* AlbumDetailsViewController.swift */,
				5B352735234515BE00209639 /* AlbumDetailsViewModel.swift */,
				5B35273923460C8700209639 /* AlbumDetailsScrollController.swift */,
				5B35273B234613F200209639 /* Views */,
			);
			path = "Album Details";
			sourceTree = "<group>";
		};
		5B35272723450DB400209639 /* Album Details */ = {
			isa = PBXGroup;
			children = (
				5B35272D23450EE100209639 /* AlbumDetailsRequest.swift */,
				5B35272C23450ECF00209639 /* Model */,
			);
			path = "Album Details";
			sourceTree = "<group>";
		};
		5B35272C23450ECF00209639 /* Model */ = {
			isa = PBXGroup;
			children = (
				5B35272823450E6C00209639 /* AlbumDetails.swift */,
				5B35272F23450FBB00209639 /* Track.swift */,
				5B3527372346082800209639 /* Tag.swift */,
			);
			path = Model;
			sourceTree = "<group>";
		};
		5B3527312345155800209639 /* Storyboards */ = {
			isa = PBXGroup;
			children = (
				5BD4F90E233BD72100E27715 /* Main.storyboard */,
			);
			path = Storyboards;
			sourceTree = "<group>";
		};
		5B3527322345157200209639 /* App Delegate */ = {
			isa = PBXGroup;
			children = (
				5BD4F90A233BD72100E27715 /* AppDelegate.swift */,
			);
			path = "App Delegate";
			sourceTree = "<group>";
		};
		5B35273B234613F200209639 /* Views */ = {
			isa = PBXGroup;
			children = (
				5B785787234BB2EB003BC97A /* Track */,
				5B785788234BB2F4003BC97A /* No Data */,
			);
			path = Views;
			sourceTree = "<group>";
		};
		5B3527772346260300209639 /* Frameworks */ = {
			isa = PBXGroup;
			children = (
				5B3527782346260300209639 /* Persistance */,
			);
			name = Frameworks;
			sourceTree = "<group>";
		};
		5B3527782346260300209639 /* Persistance */ = {
			isa = PBXGroup;
			children = (
				5B3527792346260300209639 /* Persistance.h */,
				5B35277A2346260300209639 /* Info.plist */,
			);
			path = Persistance;
			sourceTree = "<group>";
		};
		5B3527952346655B00209639 /* MusicallyTests */ = {
			isa = PBXGroup;
			children = (
				5B3527962346655B00209639 /* PersistanceTests.swift */,
				5B7B0B0A23A01407002A2486 /* URLBuilderTests.swift */,
				5B3527982346655B00209639 /* Info.plist */,
			);
			path = MusicallyTests;
			sourceTree = "<group>";
		};
		5B40AF222348B38D00D503E1 /* StoredAlbumsCollectionViewCell */ = {
			isa = PBXGroup;
			children = (
				5B40AF232348B3B200D503E1 /* StoredAlbumsCollectionViewCell.swift */,
				5B40AF252348B3BD00D503E1 /* StoredAlbumsCollectionViewCell.xib */,
			);
			path = StoredAlbumsCollectionViewCell;
			sourceTree = "<group>";
		};
		5B4419C3233D1CD200F87B86 /* Backend Service */ = {
			isa = PBXGroup;
			children = (
				5BD4F922233BD93100E27715 /* BackendService.swift */,
				5BD4F92D233BE5C500E27715 /* UserAgent.swift */,
				5BD4F927233BDAA400E27715 /* Requests */,
			);
			path = "Backend Service";
			sourceTree = "<group>";
		};
		5B4419C5233D1CF200F87B86 /* Artist Search */ = {
			isa = PBXGroup;
			children = (
				5B4419C1233D020B00F87B86 /* ArtistSearchRequest.swift */,
				5B35271C2344A7BC00209639 /* Model */,
			);
			path = "Artist Search";
			sourceTree = "<group>";
		};
		5B4419C8233D35E900F87B86 /* Stored Albums */ = {
			isa = PBXGroup;
			children = (
				5BD4F90C233BD72100E27715 /* StoredAlbumsViewController.swift */,
				5B40AF202348B2A500D503E1 /* StoredAlbumsViewModel.swift */,
				5B40AF222348B38D00D503E1 /* StoredAlbumsCollectionViewCell */,
				5B89E79323CF5CC500EF5CBE /* StoredAlbumsCollectionView */,
			);
			path = "Stored Albums";
			sourceTree = "<group>";
		};
		5B4419C9233D360500F87B86 /* Support Files */ = {
			isa = PBXGroup;
			children = (
				5BD4F914233BD72200E27715 /* Assets.xcassets */,
				5BD4F919233BD72200E27715 /* Info.plist */,
				5BD4F916233BD72200E27715 /* LaunchScreen.storyboard */,
			);
			path = "Support Files";
			sourceTree = "<group>";
		};
		5B4419CB233D4E3100F87B86 /* Artist Search */ = {
			isa = PBXGroup;
			children = (
				5B4419CC233D4E5200F87B86 /* ArtistSearchViewController.swift */,
				5B4419D1233D50B400F87B86 /* ArtistSearchViewModel.swift */,
				5B78B12E23D1D4F2004AF60D /* ArtistSearchFactory.swift */,
				5B4419DB233E00F300F87B86 /* Views */,
				5B78B12423D1C945004AF60D /* ArtistSearchTableView */,
			);
			path = "Artist Search";
			sourceTree = "<group>";
		};
		5B4419CE233D4F2700F87B86 /* Extensions */ = {
			isa = PBXGroup;
			children = (
				5B4419CF233D4F4600F87B86 /* Storyboardable.swift */,
				5B4419E2233E621200F87B86 /* UIImageView+Downloadable.swift */,
			);
			path = Extensions;
			sourceTree = "<group>";
		};
		5B4419DB233E00F300F87B86 /* Views */ = {
			isa = PBXGroup;
			children = (
				5B4419DE233E01FA00F87B86 /* ArtistTableViewCell.swift */,
				5B4419E0233E020700F87B86 /* ArtistTableViewCell.xib */,
			);
			path = Views;
			sourceTree = "<group>";
		};
		5B4419E4233E691700F87B86 /* Behaviour */ = {
			isa = PBXGroup;
			children = (
				5B4419E5233E694300F87B86 /* TextViewOpenUrlBehaviour.swift */,
				5B3527242344CA2000209639 /* ViewOpenUrlBehaviour.swift */,
				5B35270E23448F3900209639 /* ViewTapBehaviour.swift */,
			);
			path = Behaviour;
			sourceTree = "<group>";
		};
		5B4419E7233FCE4100F87B86 /* BackendRequest */ = {
			isa = PBXGroup;
			children = (
				5B4419BF233CFE6B00F87B86 /* BackendRequest.swift */,
				5B4419BD233CED6A00F87B86 /* Pagination.swift */,
				5B4419D3233D543200F87B86 /* HTTPMethod.swift */,
			);
			path = BackendRequest;
			sourceTree = "<group>";
		};
		5B6EACBD23A01237006CB536 /* URLBuilder */ = {
			isa = PBXGroup;
			children = (
				5B7B0B0C23A01414002A2486 /* URLBuilder.swift */,
			);
			path = URLBuilder;
			sourceTree = "<group>";
		};
		5B77929A23D1DDEA00633BD4 /* TableView */ = {
			isa = PBXGroup;
			children = (
				5B77929F23D1E0BF00633BD4 /* AlbumsTableViewDelegator.swift */,
				5B77929B23D1DE1000633BD4 /* AlbumsTableViewPrefetching.swift */,
				5B77929D23D1DE2200633BD4 /* AlbumsTableViewDataSource.swift */,
			);
			path = TableView;
			sourceTree = "<group>";
		};
		5B785784234BAE3C003BC97A /* Navigation */ = {
			isa = PBXGroup;
			children = (
				5B785785234BAE59003BC97A /* RootNavigationController.swift */,
				5B89E78D23CF4A7E00EF5CBE /* AlbumDetailsRouter.swift */,
				5B78B12823D1CB26004AF60D /* AlbumsRouter.swift */,
				5B7792A323D1E57A00633BD4 /* NavigationRouter.swift */,
			);
			path = Navigation;
			sourceTree = "<group>";
		};
		5B785787234BB2EB003BC97A /* Track */ = {
			isa = PBXGroup;
			children = (
				5B35273C234614B800209639 /* TrackView.swift */,
				5B35273E234614C400209639 /* TrackView.xib */,
			);
			path = Track;
			sourceTree = "<group>";
		};
		5B785788234BB2F4003BC97A /* No Data */ = {
			isa = PBXGroup;
			children = (
				5B785789234BB310003BC97A /* AlbumDetailsNoDataView.swift */,
				5B78578B234BB319003BC97A /* AlbumDetailsNoDataView.xib */,
			);
			path = "No Data";
			sourceTree = "<group>";
		};
		5B78B12423D1C945004AF60D /* ArtistSearchTableView */ = {
			isa = PBXGroup;
			children = (
				5B78B12C23D1D20B004AF60D /* ArtistSearchTableViewDelegator.swift */,
				5B78B12523D1C9A3004AF60D /* ArtistSearchTableViewDataSource.swift */,
				5B78B12A23D1D169004AF60D /* ArtistSearchTableViewPrefetching.swift */,
			);
			path = ArtistSearchTableView;
			sourceTree = "<group>";
		};
		5B89E79323CF5CC500EF5CBE /* StoredAlbumsCollectionView */ = {
			isa = PBXGroup;
			children = (
				5B89E79123CF5CAE00EF5CBE /* StoredAlbumsCollectionViewDelegator.swift */,
				5B89E78A23CF474F00EF5CBE /* StoredAlbumsCollectionViewDelegate.swift */,
				5B89E78823CF40C400EF5CBE /* StoredAlbumsCollectionViewLayout.swift */,
				5B89E78F23CF59A300EF5CBE /* StoredAlbumsCollectionViewDataSource.swift */,
				5BE1BC0623CF666200D0668F /* StoredAlbumsCollectionViewFactory.swift */,
			);
			path = StoredAlbumsCollectionView;
			sourceTree = "<group>";
		};
		5BD4F8FE233BD72100E27715 = {
			isa = PBXGroup;
			children = (
				5BD4F909233BD72100E27715 /* Musically */,
				5B3527952346655B00209639 /* MusicallyTests */,
				5BD4F908233BD72100E27715 /* Products */,
				5B3527772346260300209639 /* Frameworks */,
			);
			sourceTree = "<group>";
		};
		5BD4F908233BD72100E27715 /* Products */ = {
			isa = PBXGroup;
			children = (
				5BD4F907233BD72100E27715 /* Musically.app */,
				5B3527942346655B00209639 /* MusicallyTests.xctest */,
			);
			name = Products;
			sourceTree = "<group>";
		};
		5BD4F909233BD72100E27715 /* Musically */ = {
			isa = PBXGroup;
			children = (
				5B785784234BAE3C003BC97A /* Navigation */,
				5B3527322345157200209639 /* App Delegate */,
				5B4419C8233D35E900F87B86 /* Stored Albums */,
				5B4419CB233D4E3100F87B86 /* Artist Search */,
				5B3527102344984700209639 /* Albums */,
				5B3527262344D2BC00209639 /* Album Details */,
				5BD4F921233BD91700E27715 /* Service Registry */,
				5BD4F926233BD94600E27715 /* Persistance */,
				5B3527312345155800209639 /* Storyboards */,
				5B4419E4233E691700F87B86 /* Behaviour */,
				5B6EACBD23A01237006CB536 /* URLBuilder */,
				5BE1BC0823CF712400D0668F /* Base */,
				5B4419CE233D4F2700F87B86 /* Extensions */,
				5B4419C9233D360500F87B86 /* Support Files */,
			);
			path = Musically;
			sourceTree = "<group>";
		};
		5BD4F921233BD91700E27715 /* Service Registry */ = {
			isa = PBXGroup;
			children = (
				5BD4F91F233BD90700E27715 /* ServiceRegistry.swift */,
				5B4419C3233D1CD200F87B86 /* Backend Service */,
			);
			path = "Service Registry";
			sourceTree = "<group>";
		};
		5BD4F926233BD94600E27715 /* Persistance */ = {
			isa = PBXGroup;
			children = (
				5BD4F928233BDB5800E27715 /* CoreDataStack.swift */,
				5BD4F911233BD72100E27715 /* Musically.xcdatamodeld */,
				5BD4F92C233BDB7000E27715 /* DAO */,
			);
			path = Persistance;
			sourceTree = "<group>";
		};
		5BD4F927233BDAA400E27715 /* Requests */ = {
			isa = PBXGroup;
			children = (
				5B4419E7233FCE4100F87B86 /* BackendRequest */,
				5B35271323449AD000209639 /* Shared Model */,
				5B4419C5233D1CF200F87B86 /* Artist Search */,
				5B35271423449D3C00209639 /* Albums */,
				5B35272723450DB400209639 /* Album Details */,
			);
			path = Requests;
			sourceTree = "<group>";
		};
		5BD4F92C233BDB7000E27715 /* DAO */ = {
			isa = PBXGroup;
			children = (
				5BD4F929233BDB5800E27715 /* GenericDao.swift */,
				5B35279E2346662700209639 /* DaoFactory.swift */,
				5B35278E234662D600209639 /* AlbumDetailsDao.swift */,
				5B3527A0234765BC00209639 /* TrackDao.swift */,
				5B3527A2234769EA00209639 /* TagDao.swift */,
				5B3527A423476AC300209639 /* GraphicsDao.swift */,
			);
			path = DAO;
			sourceTree = "<group>";
		};
		5BE1BC0823CF712400D0668F /* Base */ = {
			isa = PBXGroup;
			children = (
				5BE1BC0923CF72AE00D0668F /* ReusableObject.swift */,
				5B7792A523D1E8D500633BD4 /* InitialViewController.swift */,
			);
			path = Base;
			sourceTree = "<group>";
		};
/* End PBXGroup section */

/* Begin PBXNativeTarget section */
		5B3527932346655B00209639 /* MusicallyTests */ = {
			isa = PBXNativeTarget;
			buildConfigurationList = 5B35279B2346655B00209639 /* Build configuration list for PBXNativeTarget "MusicallyTests" */;
			buildPhases = (
				5B3527902346655B00209639 /* Sources */,
				5B3527912346655B00209639 /* Frameworks */,
				5B3527922346655B00209639 /* Resources */,
			);
			buildRules = (
			);
			dependencies = (
				5B35279A2346655B00209639 /* PBXTargetDependency */,
			);
			name = MusicallyTests;
			productName = MusicallyTests;
			productReference = 5B3527942346655B00209639 /* MusicallyTests.xctest */;
			productType = "com.apple.product-type.bundle.unit-test";
		};
		5BD4F906233BD72100E27715 /* Musically */ = {
			isa = PBXNativeTarget;
			buildConfigurationList = 5BD4F91C233BD72200E27715 /* Build configuration list for PBXNativeTarget "Musically" */;
			buildPhases = (
				5BD4F903233BD72100E27715 /* Sources */,
				5BD4F904233BD72100E27715 /* Frameworks */,
				5BD4F905233BD72100E27715 /* Resources */,
			);
			buildRules = (
			);
			dependencies = (
			);
			name = Musically;
			productName = Musically;
			productReference = 5BD4F907233BD72100E27715 /* Musically.app */;
			productType = "com.apple.product-type.application";
		};
/* End PBXNativeTarget section */

/* Begin PBXProject section */
		5BD4F8FF233BD72100E27715 /* Project object */ = {
			isa = PBXProject;
			attributes = {
				LastSwiftUpdateCheck = 1020;
				LastUpgradeCheck = 1020;
				ORGANIZATIONNAME = Turbo;
				TargetAttributes = {
					5B3527932346655B00209639 = {
						CreatedOnToolsVersion = 10.2.1;
						TestTargetID = 5BD4F906233BD72100E27715;
					};
					5BD4F906233BD72100E27715 = {
						CreatedOnToolsVersion = 10.2.1;
					};
				};
			};
			buildConfigurationList = 5BD4F902233BD72100E27715 /* Build configuration list for PBXProject "Musically" */;
			compatibilityVersion = "Xcode 9.3";
			developmentRegion = en;
			hasScannedForEncodings = 0;
			knownRegions = (
				en,
				Base,
			);
			mainGroup = 5BD4F8FE233BD72100E27715;
			productRefGroup = 5BD4F908233BD72100E27715 /* Products */;
			projectDirPath = "";
			projectRoot = "";
			targets = (
				5BD4F906233BD72100E27715 /* Musically */,
				5B3527932346655B00209639 /* MusicallyTests */,
			);
		};
/* End PBXProject section */

/* Begin PBXResourcesBuildPhase section */
		5B3527922346655B00209639 /* Resources */ = {
			isa = PBXResourcesBuildPhase;
			buildActionMask = 2147483647;
			files = (
			);
			runOnlyForDeploymentPostprocessing = 0;
		};
		5BD4F905233BD72100E27715 /* Resources */ = {
			isa = PBXResourcesBuildPhase;
			buildActionMask = 2147483647;
			files = (
				5B40AF262348B3BD00D503E1 /* StoredAlbumsCollectionViewCell.xib in Resources */,
				5BD4F918233BD72200E27715 /* LaunchScreen.storyboard in Resources */,
				5BD4F915233BD72200E27715 /* Assets.xcassets in Resources */,
				5B35273F234614C400209639 /* TrackView.xib in Resources */,
				5B78578C234BB319003BC97A /* AlbumDetailsNoDataView.xib in Resources */,
				5B4419E1233E020700F87B86 /* ArtistTableViewCell.xib in Resources */,
				5B3527232344B9E400209639 /* AlbumTableViewCell.xib in Resources */,
				5BD4F910233BD72100E27715 /* Main.storyboard in Resources */,
			);
			runOnlyForDeploymentPostprocessing = 0;
		};
/* End PBXResourcesBuildPhase section */

/* Begin PBXSourcesBuildPhase section */
		5B3527902346655B00209639 /* Sources */ = {
			isa = PBXSourcesBuildPhase;
			buildActionMask = 2147483647;
			files = (
				5B3527972346655B00209639 /* PersistanceTests.swift in Sources */,
				5B7B0B0B23A01407002A2486 /* URLBuilderTests.swift in Sources */,
			);
			runOnlyForDeploymentPostprocessing = 0;
		};
		5BD4F903233BD72100E27715 /* Sources */ = {
			isa = PBXSourcesBuildPhase;
			buildActionMask = 2147483647;
			files = (
				5BD4F92A233BDB5800E27715 /* CoreDataStack.swift in Sources */,
				5B3527382346082800209639 /* Tag.swift in Sources */,
				5B352736234515BE00209639 /* AlbumDetailsViewModel.swift in Sources */,
				5B785786234BAE59003BC97A /* RootNavigationController.swift in Sources */,
				5B35271E2344AC2F00209639 /* AlbumsViewModel.swift in Sources */,
				5B7B0B0D23A01414002A2486 /* URLBuilder.swift in Sources */,
				5B4419CD233D4E5200F87B86 /* ArtistSearchViewController.swift in Sources */,
				5B35272923450E6C00209639 /* AlbumDetails.swift in Sources */,
				5BD4F90D233BD72100E27715 /* StoredAlbumsViewController.swift in Sources */,
				5B35273023450FBB00209639 /* Track.swift in Sources */,
				5B3527222344B9E400209639 /* AlbumTableViewCell.swift in Sources */,
				5B3527122344986C00209639 /* AlbumsViewController.swift in Sources */,
				5BE1BC0A23CF72AE00D0668F /* ReusableObject.swift in Sources */,
				5B4419DA233D5A8A00F87B86 /* ArtistSearchResult.swift in Sources */,
				5B4419C2233D020B00F87B86 /* ArtistSearchRequest.swift in Sources */,
				5B89E79223CF5CAE00EF5CBE /* StoredAlbumsCollectionViewDelegator.swift in Sources */,
				5B35271A2344A79800209639 /* AlbumRequest.swift in Sources */,
				5BD4F90B233BD72100E27715 /* AppDelegate.swift in Sources */,
				5BD4F92E233BE5C500E27715 /* UserAgent.swift in Sources */,
				5B4419C0233CFE6B00F87B86 /* BackendRequest.swift in Sources */,
				5B4419D6233D5A1B00F87B86 /* GraphicsSize.swift in Sources */,
				5B4419E6233E694300F87B86 /* TextViewOpenUrlBehaviour.swift in Sources */,
				5B7792A023D1E0BF00633BD4 /* AlbumsTableViewDelegator.swift in Sources */,
				5B7792A423D1E57A00633BD4 /* NavigationRouter.swift in Sources */,
				5B89E79023CF59A300EF5CBE /* StoredAlbumsCollectionViewDataSource.swift in Sources */,
				5B4419D8233D5A4000F87B86 /* Graphics.swift in Sources */,
				5B78B12B23D1D169004AF60D /* ArtistSearchTableViewPrefetching.swift in Sources */,
				5B35273A23460C8700209639 /* AlbumDetailsScrollController.swift in Sources */,
				5B40AF242348B3B200D503E1 /* StoredAlbumsCollectionViewCell.swift in Sources */,
				5BD4F92B233BDB5800E27715 /* GenericDao.swift in Sources */,
				5B3527A523476AC300209639 /* GraphicsDao.swift in Sources */,
				5BD4F920233BD90700E27715 /* ServiceRegistry.swift in Sources */,
				5B40AF212348B2A500D503E1 /* StoredAlbumsViewModel.swift in Sources */,
				5B35270F23448F3900209639 /* ViewTapBehaviour.swift in Sources */,
				5B89E78B23CF474F00EF5CBE /* StoredAlbumsCollectionViewDelegate.swift in Sources */,
				5B78B12D23D1D20B004AF60D /* ArtistSearchTableViewDelegator.swift in Sources */,
				5B3527A3234769EA00209639 /* TagDao.swift in Sources */,
				5BE1BC0723CF666200D0668F /* StoredAlbumsCollectionViewFactory.swift in Sources */,
				5B4419DF233E01FA00F87B86 /* ArtistTableViewCell.swift in Sources */,
				5B4419E3233E621200F87B86 /* UIImageView+Downloadable.swift in Sources */,
				5B4419C7233D1D0800F87B86 /* Artist.swift in Sources */,
				5B35278F234662D600209639 /* AlbumDetailsDao.swift in Sources */,
				5B78B12923D1CB26004AF60D /* AlbumsRouter.swift in Sources */,
				5B7792A223D1E24F00633BD4 /* AlbumsFactory.swift in Sources */,
				5B78578A234BB310003BC97A /* AlbumDetailsNoDataView.swift in Sources */,
				5B4419BE233CED6A00F87B86 /* Pagination.swift in Sources */,
				5B35273D234614B800209639 /* TrackView.swift in Sources */,
				5B3527A1234765BC00209639 /* TrackDao.swift in Sources */,
				5B78B12F23D1D4F2004AF60D /* ArtistSearchFactory.swift in Sources */,
				5B4419D4233D543200F87B86 /* HTTPMethod.swift in Sources */,
				5B89E78923CF40C400EF5CBE /* StoredAlbumsCollectionViewLayout.swift in Sources */,
				5BD4F913233BD72100E27715 /* Musically.xcdatamodeld in Sources */,
				5B352734234515B000209639 /* AlbumDetailsViewController.swift in Sources */,
				5B35271623449E1C00209639 /* AlbumsResult.swift in Sources */,
				5B89E78E23CF4A7E00EF5CBE /* AlbumDetailsRouter.swift in Sources */,
				5B3527252344CA2000209639 /* ViewOpenUrlBehaviour.swift in Sources */,
				5B35271823449FB800209639 /* Album.swift in Sources */,
				5B7792A623D1E8D500633BD4 /* InitialViewController.swift in Sources */,
				5B77929E23D1DE2200633BD4 /* AlbumsTableViewDataSource.swift in Sources */,
				5B35279F2346662700209639 /* DaoFactory.swift in Sources */,
				5B78B12623D1C9A3004AF60D /* ArtistSearchTableViewDataSource.swift in Sources */,
				5B4419D0233D4F4600F87B86 /* Storyboardable.swift in Sources */,
				5BD4F923233BD93100E27715 /* BackendService.swift in Sources */,
				5B35272E23450EE100209639 /* AlbumDetailsRequest.swift in Sources */,
				5B4419D2233D50B400F87B86 /* ArtistSearchViewModel.swift in Sources */,
				5B77929C23D1DE1000633BD4 /* AlbumsTableViewPrefetching.swift in Sources */,
			);
			runOnlyForDeploymentPostprocessing = 0;
		};
/* End PBXSourcesBuildPhase section */

/* Begin PBXTargetDependency section */
		5B35279A2346655B00209639 /* PBXTargetDependency */ = {
			isa = PBXTargetDependency;
			target = 5BD4F906233BD72100E27715 /* Musically */;
			targetProxy = 5B785783234B9801003BC97A /* PBXContainerItemProxy */;
		};
/* End PBXTargetDependency section */

/* Begin PBXVariantGroup section */
		5BD4F90E233BD72100E27715 /* Main.storyboard */ = {
			isa = PBXVariantGroup;
			children = (
				5BD4F90F233BD72100E27715 /* Base */,
			);
			name = Main.storyboard;
			sourceTree = "<group>";
		};
		5BD4F916233BD72200E27715 /* LaunchScreen.storyboard */ = {
			isa = PBXVariantGroup;
			children = (
				5BD4F917233BD72200E27715 /* Base */,
			);
			name = LaunchScreen.storyboard;
			sourceTree = "<group>";
		};
/* End PBXVariantGroup section */

/* Begin XCBuildConfiguration section */
		5B35279C2346655B00209639 /* Debug */ = {
			isa = XCBuildConfiguration;
			buildSettings = {
				BUNDLE_LOADER = "$(TEST_HOST)";
				CODE_SIGN_STYLE = Automatic;
				DEVELOPMENT_TEAM = BE4CWML7BN;
				INFOPLIST_FILE = MusicallyTests/Info.plist;
				LD_RUNPATH_SEARCH_PATHS = (
					"$(inherited)",
					"@executable_path/Frameworks",
					"@loader_path/Frameworks",
				);
				PRODUCT_BUNDLE_IDENTIFIER = com.thereismusic.here.MusicallyTests;
				PRODUCT_NAME = "$(TARGET_NAME)";
				SWIFT_VERSION = 5.0;
				TARGETED_DEVICE_FAMILY = "1,2";
				TEST_HOST = "$(BUILT_PRODUCTS_DIR)/Musically.app/Musically";
			};
			name = Debug;
		};
		5B35279D2346655B00209639 /* Release */ = {
			isa = XCBuildConfiguration;
			buildSettings = {
				BUNDLE_LOADER = "$(TEST_HOST)";
				CODE_SIGN_STYLE = Automatic;
				DEVELOPMENT_TEAM = BE4CWML7BN;
				INFOPLIST_FILE = MusicallyTests/Info.plist;
				LD_RUNPATH_SEARCH_PATHS = (
					"$(inherited)",
					"@executable_path/Frameworks",
					"@loader_path/Frameworks",
				);
				PRODUCT_BUNDLE_IDENTIFIER = com.thereismusic.here.MusicallyTests;
				PRODUCT_NAME = "$(TARGET_NAME)";
				SWIFT_VERSION = 5.0;
				TARGETED_DEVICE_FAMILY = "1,2";
				TEST_HOST = "$(BUILT_PRODUCTS_DIR)/Musically.app/Musically";
			};
			name = Release;
		};
		5BD4F91A233BD72200E27715 /* Debug */ = {
			isa = XCBuildConfiguration;
			buildSettings = {
				ALWAYS_SEARCH_USER_PATHS = NO;
				CLANG_ANALYZER_NONNULL = YES;
				CLANG_ANALYZER_NUMBER_OBJECT_CONVERSION = YES_AGGRESSIVE;
				CLANG_CXX_LANGUAGE_STANDARD = "gnu++14";
				CLANG_CXX_LIBRARY = "libc++";
				CLANG_ENABLE_MODULES = YES;
				CLANG_ENABLE_OBJC_ARC = YES;
				CLANG_ENABLE_OBJC_WEAK = YES;
				CLANG_WARN_BLOCK_CAPTURE_AUTORELEASING = YES;
				CLANG_WARN_BOOL_CONVERSION = YES;
				CLANG_WARN_COMMA = YES;
				CLANG_WARN_CONSTANT_CONVERSION = YES;
				CLANG_WARN_DEPRECATED_OBJC_IMPLEMENTATIONS = YES;
				CLANG_WARN_DIRECT_OBJC_ISA_USAGE = YES_ERROR;
				CLANG_WARN_DOCUMENTATION_COMMENTS = YES;
				CLANG_WARN_EMPTY_BODY = YES;
				CLANG_WARN_ENUM_CONVERSION = YES;
				CLANG_WARN_INFINITE_RECURSION = YES;
				CLANG_WARN_INT_CONVERSION = YES;
				CLANG_WARN_NON_LITERAL_NULL_CONVERSION = YES;
				CLANG_WARN_OBJC_IMPLICIT_RETAIN_SELF = YES;
				CLANG_WARN_OBJC_LITERAL_CONVERSION = YES;
				CLANG_WARN_OBJC_ROOT_CLASS = YES_ERROR;
				CLANG_WARN_RANGE_LOOP_ANALYSIS = YES;
				CLANG_WARN_STRICT_PROTOTYPES = YES;
				CLANG_WARN_SUSPICIOUS_MOVE = YES;
				CLANG_WARN_UNGUARDED_AVAILABILITY = YES_AGGRESSIVE;
				CLANG_WARN_UNREACHABLE_CODE = YES;
				CLANG_WARN__DUPLICATE_METHOD_MATCH = YES;
				CODE_SIGN_IDENTITY = "iPhone Developer";
				COPY_PHASE_STRIP = NO;
				DEBUG_INFORMATION_FORMAT = dwarf;
				ENABLE_STRICT_OBJC_MSGSEND = YES;
				ENABLE_TESTABILITY = YES;
				GCC_C_LANGUAGE_STANDARD = gnu11;
				GCC_DYNAMIC_NO_PIC = NO;
				GCC_NO_COMMON_BLOCKS = YES;
				GCC_OPTIMIZATION_LEVEL = 0;
				GCC_PREPROCESSOR_DEFINITIONS = (
					"DEBUG=1",
					"$(inherited)",
				);
				GCC_WARN_64_TO_32_BIT_CONVERSION = YES;
				GCC_WARN_ABOUT_RETURN_TYPE = YES_ERROR;
				GCC_WARN_UNDECLARED_SELECTOR = YES;
				GCC_WARN_UNINITIALIZED_AUTOS = YES_AGGRESSIVE;
				GCC_WARN_UNUSED_FUNCTION = YES;
				GCC_WARN_UNUSED_VARIABLE = YES;
				IPHONEOS_DEPLOYMENT_TARGET = 13.0;
				MTL_ENABLE_DEBUG_INFO = INCLUDE_SOURCE;
				MTL_FAST_MATH = YES;
				ONLY_ACTIVE_ARCH = YES;
				SDKROOT = iphoneos;
				SWIFT_ACTIVE_COMPILATION_CONDITIONS = DEBUG;
				SWIFT_OPTIMIZATION_LEVEL = "-Onone";
			};
			name = Debug;
		};
		5BD4F91B233BD72200E27715 /* Release */ = {
			isa = XCBuildConfiguration;
			buildSettings = {
				ALWAYS_SEARCH_USER_PATHS = NO;
				CLANG_ANALYZER_NONNULL = YES;
				CLANG_ANALYZER_NUMBER_OBJECT_CONVERSION = YES_AGGRESSIVE;
				CLANG_CXX_LANGUAGE_STANDARD = "gnu++14";
				CLANG_CXX_LIBRARY = "libc++";
				CLANG_ENABLE_MODULES = YES;
				CLANG_ENABLE_OBJC_ARC = YES;
				CLANG_ENABLE_OBJC_WEAK = YES;
				CLANG_WARN_BLOCK_CAPTURE_AUTORELEASING = YES;
				CLANG_WARN_BOOL_CONVERSION = YES;
				CLANG_WARN_COMMA = YES;
				CLANG_WARN_CONSTANT_CONVERSION = YES;
				CLANG_WARN_DEPRECATED_OBJC_IMPLEMENTATIONS = YES;
				CLANG_WARN_DIRECT_OBJC_ISA_USAGE = YES_ERROR;
				CLANG_WARN_DOCUMENTATION_COMMENTS = YES;
				CLANG_WARN_EMPTY_BODY = YES;
				CLANG_WARN_ENUM_CONVERSION = YES;
				CLANG_WARN_INFINITE_RECURSION = YES;
				CLANG_WARN_INT_CONVERSION = YES;
				CLANG_WARN_NON_LITERAL_NULL_CONVERSION = YES;
				CLANG_WARN_OBJC_IMPLICIT_RETAIN_SELF = YES;
				CLANG_WARN_OBJC_LITERAL_CONVERSION = YES;
				CLANG_WARN_OBJC_ROOT_CLASS = YES_ERROR;
				CLANG_WARN_RANGE_LOOP_ANALYSIS = YES;
				CLANG_WARN_STRICT_PROTOTYPES = YES;
				CLANG_WARN_SUSPICIOUS_MOVE = YES;
				CLANG_WARN_UNGUARDED_AVAILABILITY = YES_AGGRESSIVE;
				CLANG_WARN_UNREACHABLE_CODE = YES;
				CLANG_WARN__DUPLICATE_METHOD_MATCH = YES;
				CODE_SIGN_IDENTITY = "iPhone Developer";
				COPY_PHASE_STRIP = NO;
				DEBUG_INFORMATION_FORMAT = "dwarf-with-dsym";
				ENABLE_NS_ASSERTIONS = NO;
				ENABLE_STRICT_OBJC_MSGSEND = YES;
				GCC_C_LANGUAGE_STANDARD = gnu11;
				GCC_NO_COMMON_BLOCKS = YES;
				GCC_WARN_64_TO_32_BIT_CONVERSION = YES;
				GCC_WARN_ABOUT_RETURN_TYPE = YES_ERROR;
				GCC_WARN_UNDECLARED_SELECTOR = YES;
				GCC_WARN_UNINITIALIZED_AUTOS = YES_AGGRESSIVE;
				GCC_WARN_UNUSED_FUNCTION = YES;
				GCC_WARN_UNUSED_VARIABLE = YES;
				IPHONEOS_DEPLOYMENT_TARGET = 13.0;
				MTL_ENABLE_DEBUG_INFO = NO;
				MTL_FAST_MATH = YES;
				SDKROOT = iphoneos;
				SWIFT_COMPILATION_MODE = wholemodule;
				SWIFT_OPTIMIZATION_LEVEL = "-O";
				VALIDATE_PRODUCT = YES;
			};
			name = Release;
		};
		5BD4F91D233BD72200E27715 /* Debug */ = {
			isa = XCBuildConfiguration;
			buildSettings = {
				ASSETCATALOG_COMPILER_APPICON_NAME = AppIcon;
				CODE_SIGN_STYLE = Automatic;
				DEVELOPMENT_TEAM = BE4CWML7BN;
				INFOPLIST_FILE = "$(SRCROOT)/Musically/Support Files/Info.plist";
				IPHONEOS_DEPLOYMENT_TARGET = 13.0;
				LD_RUNPATH_SEARCH_PATHS = (
					"$(inherited)",
					"@executable_path/Frameworks",
				);
				PRODUCT_BUNDLE_IDENTIFIER = com.thereismusic.here.Musically;
				PRODUCT_NAME = "$(TARGET_NAME)";
				SWIFT_VERSION = 5.0;
				TARGETED_DEVICE_FAMILY = "1,2";
			};
			name = Debug;
		};
		5BD4F91E233BD72200E27715 /* Release */ = {
			isa = XCBuildConfiguration;
			buildSettings = {
				ASSETCATALOG_COMPILER_APPICON_NAME = AppIcon;
				CODE_SIGN_STYLE = Automatic;
				DEVELOPMENT_TEAM = BE4CWML7BN;
				INFOPLIST_FILE = "$(SRCROOT)/Musically/Support Files/Info.plist";
				IPHONEOS_DEPLOYMENT_TARGET = 13.0;
				LD_RUNPATH_SEARCH_PATHS = (
					"$(inherited)",
					"@executable_path/Frameworks",
				);
				PRODUCT_BUNDLE_IDENTIFIER = com.thereismusic.here.Musically;
				PRODUCT_NAME = "$(TARGET_NAME)";
				SWIFT_VERSION = 5.0;
				TARGETED_DEVICE_FAMILY = "1,2";
			};
			name = Release;
		};
/* End XCBuildConfiguration section */

/* Begin XCConfigurationList section */
		5B35279B2346655B00209639 /* Build configuration list for PBXNativeTarget "MusicallyTests" */ = {
			isa = XCConfigurationList;
			buildConfigurations = (
				5B35279C2346655B00209639 /* Debug */,
				5B35279D2346655B00209639 /* Release */,
			);
			defaultConfigurationIsVisible = 0;
			defaultConfigurationName = Release;
		};
		5BD4F902233BD72100E27715 /* Build configuration list for PBXProject "Musically" */ = {
			isa = XCConfigurationList;
			buildConfigurations = (
				5BD4F91A233BD72200E27715 /* Debug */,
				5BD4F91B233BD72200E27715 /* Release */,
			);
			defaultConfigurationIsVisible = 0;
			defaultConfigurationName = Release;
		};
		5BD4F91C233BD72200E27715 /* Build configuration list for PBXNativeTarget "Musically" */ = {
			isa = XCConfigurationList;
			buildConfigurations = (
				5BD4F91D233BD72200E27715 /* Debug */,
				5BD4F91E233BD72200E27715 /* Release */,
			);
			defaultConfigurationIsVisible = 0;
			defaultConfigurationName = Release;
		};
/* End XCConfigurationList section */

/* Begin XCVersionGroup section */
		5BD4F911233BD72100E27715 /* Musically.xcdatamodeld */ = {
			isa = XCVersionGroup;
			children = (
				5BD4F912233BD72100E27715 /* Musically.xcdatamodel */,
			);
			currentVersion = 5BD4F912233BD72100E27715 /* Musically.xcdatamodel */;
			path = Musically.xcdatamodeld;
			sourceTree = "<group>";
			versionGroupType = wrapper.xcdatamodel;
		};
/* End XCVersionGroup section */
	};
	rootObject = 5BD4F8FF233BD72100E27715 /* Project object */;
}
